
Microsoft Visual Studio Solution File, Format Version 12.00
# Visual Studio 15
Project("{FAE04EC0-301F-11D3-BF4B-00C04F79EFBC}") = "Assembly-CSharp", "Assembly-CSharp.csproj", "{F76E8ACF-A11B-3244-9421-0A75698C6B36}"
EndProject
Global
	GlobalSection(SolutionConfigurationPlatforms) = preSolution
		Debug|Any CPU = Debug|Any CPU
		Release|Any CPU = Release|Any CPU
	EndGlobalSection
	GlobalSection(ProjectConfigurationPlatforms) = postSolution
		{F76E8ACF-A11B-3244-9421-0A75698C6B36}.Debug|Any CPU.ActiveCfg = Debug|Any CPU
		{F76E8ACF-A11B-3244-9421-0A75698C6B36}.Debug|Any CPU.Build.0 = Debug|Any CPU
		{F76E8ACF-A11B-3244-9421-0A75698C6B36}.Release|Any CPU.ActiveCfg = Release|Any CPU
		{F76E8ACF-A11B-3244-9421-0A75698C6B36}.Release|Any CPU.Build.0 = Release|Any CPU
	EndGlobalSection
	GlobalSection(SolutionProperties) = preSolution
		HideSolutionNode = FALSE
	EndGlobalSection
EndGlobal
